
Microsoft Visual Studio Solution File, Format Version 12.00
# Visual Studio Version 16
VisualStudioVersion = 16.0.31005.135
MinimumVisualStudioVersion = 10.0.40219.1
Project("{FAE04EC0-301F-11D3-BF4B-00C04F79EFBC}") = "console", "src\console\console.csproj", "{2E36A2B5-E239-477B-8233-40CD5D33F533}"
EndProject
Project("{FAE04EC0-301F-11D3-BF4B-00C04F79EFBC}") = "umpire", "src\umpire\umpire.csproj", "{1A1F0FA5-1B64-4452-A742-F89383A81A67}"
EndProject
Global
	GlobalSection(SolutionConfigurationPlatforms) = preSolution
		Debug|Any CPU = Debug|Any CPU
		Release|Any CPU = Release|Any CPU
	EndGlobalSection
	GlobalSection(ProjectConfigurationPlatforms) = postSolution
		{2E36A2B5-E239-477B-8233-40CD5D33F533}.Debug|Any CPU.ActiveCfg = Debug|Any CPU
		{2E36A2B5-E239-477B-8233-40CD5D33F533}.Debug|Any CPU.Build.0 = Debug|Any CPU
		{2E36A2B5-E239-477B-8233-40CD5D33F533}.Release|Any CPU.ActiveCfg = Release|Any CPU
		{2E36A2B5-E239-477B-8233-40CD5D33F533}.Release|Any CPU.Build.0 = Release|Any CPU
		{1A1F0FA5-1B64-4452-A742-F89383A81A67}.Debug|Any CPU.ActiveCfg = Debug|Any CPU
		{1A1F0FA5-1B64-4452-A742-F89383A81A67}.Debug|Any CPU.Build.0 = Debug|Any CPU
		{1A1F0FA5-1B64-4452-A742-F89383A81A67}.Release|Any CPU.ActiveCfg = Release|Any CPU
		{1A1F0FA5-1B64-4452-A742-F89383A81A67}.Release|Any CPU.Build.0 = Release|Any CPU
	EndGlobalSection
	GlobalSection(SolutionProperties) = preSolution
		HideSolutionNode = FALSE
	EndGlobalSection
	GlobalSection(ExtensibilityGlobals) = postSolution
		SolutionGuid = {02FE9EA5-986E-4A16-AD69-865D1B374884}
	EndGlobalSection
EndGlobal
